// !$*UTF8*$!
{
	archiveVersion = 1;
	classes = {
	};
	objectVersion = 50;
	objects = {

/* Begin PBXBuildFile section */
		991DE4BB226E1B33008D1D78 /* AppDelegate.swift in Sources */ = {isa = PBXBuildFile; fileRef = 991DE4BA226E1B33008D1D78 /* AppDelegate.swift */; };
		991DE4BD226E1B33008D1D78 /* ViewController.swift in Sources */ = {isa = PBXBuildFile; fileRef = 991DE4BC226E1B33008D1D78 /* ViewController.swift */; };
		991DE4C0226E1B33008D1D78 /* Main.storyboard in Resources */ = {isa = PBXBuildFile; fileRef = 991DE4BE226E1B33008D1D78 /* Main.storyboard */; };
		991DE4C2226E1B33008D1D78 /* Assets.xcassets in Resources */ = {isa = PBXBuildFile; fileRef = 991DE4C1226E1B33008D1D78 /* Assets.xcassets */; };
		991DE4C5226E1B33008D1D78 /* LaunchScreen.storyboard in Resources */ = {isa = PBXBuildFile; fileRef = 991DE4C3226E1B33008D1D78 /* LaunchScreen.storyboard */; };
/* End PBXBuildFile section */

/* Begin PBXFileReference section */
		991DE4B7226E1B33008D1D78 /* swift-simple-view.app */ = {isa = PBXFileReference; explicitFileType = wrapper.application; includeInIndex = 0; path = "swift-simple-view.app"; sourceTree = BUILT_PRODUCTS_DIR; };
		991DE4BA226E1B33008D1D78 /* AppDelegate.swift */ = {isa = PBXFileReference; lastKnownFileType = sourcecode.swift; path = AppDelegate.swift; sourceTree = "<group>"; };
		991DE4BC226E1B33008D1D78 /* ViewController.swift */ = {isa = PBXFileReference; lastKnownFileType = sourcecode.swift; path = ViewController.swift; sourceTree = "<group>"; };
		991DE4BF226E1B33008D1D78 /* Base */ = {isa = PBXFileReference; lastKnownFileType = file.storyboard; name = Base; path = Base.lproj/Main.storyboard; sourceTree = "<group>"; };
		991DE4C1226E1B33008D1D78 /* Assets.xcassets */ = {isa = PBXFileReference; lastKnownFileType = folder.assetcatalog; path = Assets.xcassets; sourceTree = "<group>"; };
		991DE4C4226E1B33008D1D78 /* Base */ = {isa = PBXFileReference; lastKnownFileType = file.storyboard; name = Base; path = Base.lproj/LaunchScreen.storyboard; sourceTree = "<group>"; };
		991DE4C6226E1B33008D1D78 /* Info.plist */ = {isa = PBXFileReference; lastKnownFileType = text.plist.xml; path = Info.plist; sourceTree = "<group>"; };
/* End PBXFileReference section */

/* Begin PBXFrameworksBuildPhase section */
		991DE4B4226E1B33008D1D78 /* Frameworks */ = {
			isa = PBXFrameworksBuildPhase;
			buildActionMask = 2147483647;
			files = (
			);
			runOnlyForDeploymentPostprocessing = 0;
		};
/* End PBXFrameworksBuildPhase section */

/* Begin PBXGroup section */
		991DE4AE226E1B33008D1D78 = {
			isa = PBXGroup;
			children = (
				991DE4B9226E1B33008D1D78 /* swift-simple-view */,
				991DE4B8226E1B33008D1D78 /* Products */,
			);
			sourceTree = "<group>";
		};
		991DE4B8226E1B33008D1D78 /* Products */ = {
			isa = PBXGroup;
			children = (
				991DE4B7226E1B33008D1D78 /* swift-simple-view.app */,
			);
			name = Products;
			sourceTree = "<group>";
		};
		991DE4B9226E1B33008D1D78 /* swift-simple-view */ = {
			isa = PBXGroup;
			children = (
				991DE4BA226E1B33008D1D78 /* AppDelegate.swift */,
				991DE4BC226E1B33008D1D78 /* ViewController.swift */,
				991DE4BE226E1B33008D1D78 /* Main.storyboard */,
				991DE4C1226E1B33008D1D78 /* Assets.xcassets */,
				991DE4C3226E1B33008D1D78 /* LaunchScreen.storyboard */,
				991DE4C6226E1B33008D1D78 /* Info.plist */,
			);
			path = "swift-simple-view";
			sourceTree = "<group>";
		};
/* End PBXGroup section */

/* Begin PBXNativeTarget section */
		991DE4B6226E1B33008D1D78 /* swift-simple-view */ = {
			isa = PBXNativeTarget;
			buildConfigurationList = 991DE4C9226E1B33008D1D78 /* Build configuration list for PBXNativeTarget "swift-simple-view" */;
			buildPhases = (
				991DE4B3226E1B33008D1D78 /* Sources */,
				991DE4B4226E1B33008D1D78 /* Frameworks */,
				991DE4B5226E1B33008D1D78 /* Resources */,
			);
			buildRules = (
			);
			dependencies = (
			);
			name = "swift-simple-view";
			productName = "swift-simple-view";
			productReference = 991DE4B7226E1B33008D1D78 /* swift-simple-view.app */;
			productType = "com.apple.product-type.application";
		};
/* End PBXNativeTarget section */

/* Begin PBXProject section */
		991DE4AF226E1B33008D1D78 /* Project object */ = {
			isa = PBXProject;
			attributes = {
				LastSwiftUpdateCheck = 1000;
				LastUpgradeCheck = 1000;
				ORGANIZATIONNAME = "馬勝淳史";
				TargetAttributes = {
					991DE4B6226E1B33008D1D78 = {
						CreatedOnToolsVersion = 10.0;
					};
				};
			};
			buildConfigurationList = 991DE4B2226E1B33008D1D78 /* Build configuration list for PBXProject "swift-simple-view" */;
			compatibilityVersion = "Xcode 9.3";
			developmentRegion = en;
			hasScannedForEncodings = 0;
			knownRegions = (
				en,
				Base,
			);
			mainGroup = 991DE4AE226E1B33008D1D78;
			productRefGroup = 991DE4B8226E1B33008D1D78 /* Products */;
			projectDirPath = "";
			projectRoot = "";
			targets = (
				991DE4B6226E1B33008D1D78 /* swift-simple-view */,
			);
		};
/* End PBXProject section */

/* Begin PBXResourcesBuildPhase section */
		991DE4B5226E1B33008D1D78 /* Resources */ = {
			isa = PBXResourcesBuildPhase;
			buildActionMask = 2147483647;
			files = (
				991DE4C5226E1B33008D1D78 /* LaunchScreen.storyboard in Resources */,
				991DE4C2226E1B33008D1D78 /* Assets.xcassets in Resources */,
				991DE4C0226E1B33008D1D78 /* Main.storyboard in Resources */,
			);
			runOnlyForDeploymentPostprocessing = 0;
		};
/* End PBXResourcesBuildPhase section */

/* Begin PBXSourcesBuildPhase section */
		991DE4B3226E1B33008D1D78 /* Sources */ = {
			isa = PBXSourcesBuildPhase;
			buildActionMask = 2147483647;
			files = (
				991DE4BD226E1B33008D1D78 /* ViewController.swift in Sources */,
				991DE4BB226E1B33008D1D78 /* AppDelegate.swift in Sources */,
			);
			runOnlyForDeploymentPostprocessing = 0;
		};
/* End PBXSourcesBuildPhase section */

/* Begin PBXVariantGroup section */
		991DE4BE226E1B33008D1D78 /* Main.storyboard */ = {
			isa = PBXVariantGroup;
			children = (
				991DE4BF226E1B33008D1D78 /* Base */,
			);
			name = Main.storyboard;
			sourceTree = "<group>";
		};
		991DE4C3226E1B33008D1D78 /* LaunchScreen.storyboard */ = {
			isa = PBXVariantGroup;
			children = (
				991DE4C4226E1B33008D1D78 /* Base */,
			);
			name = LaunchScreen.storyboard;
			sourceTree = "<group>";
		};
/* End PBXVariantGroup section */

/* Begin XCBuildConfiguration section */
		991DE4C7226E1B33008D1D78 /* Debug */ = {
			isa = XCBuildConfiguration;
			buildSettings = {
				ALWAYS_SEARCH_USER_PATHS = NO;
				CLANG_ANALYZER_NONNULL = YES;
				CLANG_ANALYZER_NUMBER_OBJECT_CONVERSION = YES_AGGRESSIVE;
				CLANG_CXX_LANGUAGE_STANDARD = "gnu++14";
				CLANG_CXX_LIBRARY = "libc++";
				CLANG_ENABLE_MODULES = YES;
				CLANG_ENABLE_OBJC_ARC = YES;
				CLANG_ENABLE_OBJC_WEAK = YES;
				CLANG_WARN_BLOCK_CAPTURE_AUTORELEASING = YES;
				CLANG_WARN_BOOL_CONVERSION = YES;
				CLANG_WARN_COMMA = YES;
				CLANG_WARN_CONSTANT_CONVERSION = YES;
				CLANG_WARN_DEPRECATED_OBJC_IMPLEMENTATIONS = YES;
				CLANG_WARN_DIRECT_OBJC_ISA_USAGE = YES_ERROR;
				CLANG_WARN_DOCUMENTATION_COMMENTS = YES;
				CLANG_WARN_EMPTY_BODY = YES;
				CLANG_WARN_ENUM_CONVERSION = YES;
				CLANG_WARN_INFINITE_RECURSION = YES;
				CLANG_WARN_INT_CONVERSION = YES;
				CLANG_WARN_NON_LITERAL_NULL_CONVERSION = YES;
				CLANG_WARN_OBJC_IMPLICIT_RETAIN_SELF = YES;
				CLANG_WARN_OBJC_LITERAL_CONVERSION = YES;
				CLANG_WARN_OBJC_ROOT_CLASS = YES_ERROR;
				CLANG_WARN_RANGE_LOOP_ANALYSIS = YES;
				CLANG_WARN_STRICT_PROTOTYPES = YES;
				CLANG_WARN_SUSPICIOUS_MOVE = YES;
				CLANG_WARN_UNGUARDED_AVAILABILITY = YES_AGGRESSIVE;
				CLANG_WARN_UNREACHABLE_CODE = YES;
				CLANG_WARN__DUPLICATE_METHOD_MATCH = YES;
				CODE_SIGN_IDENTITY = "iPhone Developer";
				COPY_PHASE_STRIP = NO;
				DEBUG_INFORMATION_FORMAT = dwarf;
				ENABLE_STRICT_OBJC_MSGSEND = YES;
				ENABLE_TESTABILITY = YES;
				GCC_C_LANGUAGE_STANDARD = gnu11;
				GCC_DYNAMIC_NO_PIC = NO;
				GCC_NO_COMMON_BLOCKS = YES;
				GCC_OPTIMIZATION_LEVEL = 0;
				GCC_PREPROCESSOR_DEFINITIONS = (
					"DEBUG=1",
					"$(inherited)",
				);
				GCC_WARN_64_TO_32_BIT_CONVERSION = YES;
				GCC_WARN_ABOUT_RETURN_TYPE = YES_ERROR;
				GCC_WARN_UNDECLARED_SELECTOR = YES;
				GCC_WARN_UNINITIALIZED_AUTOS = YES_AGGRESSIVE;
				GCC_WARN_UNUSED_FUNCTION = YES;
				GCC_WARN_UNUSED_VARIABLE = YES;
				IPHONEOS_DEPLOYMENT_TARGET = 12.0;
				MTL_ENABLE_DEBUG_INFO = INCLUDE_SOURCE;
				MTL_FAST_MATH = YES;
				ONLY_ACTIVE_ARCH = YES;
				SDKROOT = iphoneos;
				SWIFT_ACTIVE_COMPILATION_CONDITIONS = DEBUG;
				SWIFT_OPTIMIZATION_LEVEL = "-Onone";
			};
			name = Debug;
		};
		991DE4C8226E1B33008D1D78 /* Release */ = {
			isa = XCBuildConfiguration;
			buildSettings = {
				ALWAYS_SEARCH_USER_PATHS = NO;
				CLANG_ANALYZER_NONNULL = YES;
				CLANG_ANALYZER_NUMBER_OBJECT_CONVERSION = YES_AGGRESSIVE;
				CLANG_CXX_LANGUAGE_STANDARD = "gnu++14";
				CLANG_CXX_LIBRARY = "libc++";
				CLANG_ENABLE_MODULES = YES;
				CLANG_ENABLE_OBJC_ARC = YES;
				CLANG_ENABLE_OBJC_WEAK = YES;
				CLANG_WARN_BLOCK_CAPTURE_AUTORELEASING = YES;
				CLANG_WARN_BOOL_CONVERSION = YES;
				CLANG_WARN_COMMA = YES;
				CLANG_WARN_CONSTANT_CONVERSION = YES;
				CLANG_WARN_DEPRECATED_OBJC_IMPLEMENTATIONS = YES;
				CLANG_WARN_DIRECT_OBJC_ISA_USAGE = YES_ERROR;
				CLANG_WARN_DOCUMENTATION_COMMENTS = YES;
				CLANG_WARN_EMPTY_BODY = YES;
				CLANG_WARN_ENUM_CONVERSION = YES;
				CLANG_WARN_INFINITE_RECURSION = YES;
				CLANG_WARN_INT_CONVERSION = YES;
				CLANG_WARN_NON_LITERAL_NULL_CONVERSION = YES;
				CLANG_WARN_OBJC_IMPLICIT_RETAIN_SELF = YES;
				CLANG_WARN_OBJC_LITERAL_CONVERSION = YES;
				CLANG_WARN_OBJC_ROOT_CLASS = YES_ERROR;
				CLANG_WARN_RANGE_LOOP_ANALYSIS = YES;
				CLANG_WARN_STRICT_PROTOTYPES = YES;
				CLANG_WARN_SUSPICIOUS_MOVE = YES;
				CLANG_WARN_UNGUARDED_AVAILABILITY = YES_AGGRESSIVE;
				CLANG_WARN_UNREACHABLE_CODE = YES;
				CLANG_WARN__DUPLICATE_METHOD_MATCH = YES;
				CODE_SIGN_IDENTITY = "iPhone Developer";
				COPY_PHASE_STRIP = NO;
				DEBUG_INFORMATION_FORMAT = "dwarf-with-dsym";
				ENABLE_NS_ASSERTIONS = NO;
				ENABLE_STRICT_OBJC_MSGSEND = YES;
				GCC_C_LANGUAGE_STANDARD = gnu11;
				GCC_NO_COMMON_BLOCKS = YES;
				GCC_WARN_64_TO_32_BIT_CONVERSION = YES;
				GCC_WARN_ABOUT_RETURN_TYPE = YES_ERROR;
				GCC_WARN_UNDECLARED_SELECTOR = YES;
				GCC_WARN_UNINITIALIZED_AUTOS = YES_AGGRESSIVE;
				GCC_WARN_UNUSED_FUNCTION = YES;
				GCC_WARN_UNUSED_VARIABLE = YES;
				IPHONEOS_DEPLOYMENT_TARGET = 12.0;
				MTL_ENABLE_DEBUG_INFO = NO;
				MTL_FAST_MATH = YES;
				SDKROOT = iphoneos;
				SWIFT_COMPILATION_MODE = wholemodule;
				SWIFT_OPTIMIZATION_LEVEL = "-O";
				VALIDATE_PRODUCT = YES;
			};
			name = Release;
		};
		991DE4CA226E1B33008D1D78 /* Debug */ = {
			isa = XCBuildConfiguration;
			buildSettings = {
				ASSETCATALOG_COMPILER_APPICON_NAME = AppIcon;
				CODE_SIGN_STYLE = Automatic;
				DEVELOPMENT_TEAM = GSU8XDZH7G;
				INFOPLIST_FILE = "swift-simple-view/Info.plist";
				LD_RUNPATH_SEARCH_PATHS = (
					"$(inherited)",
					"@executable_path/Frameworks",
				);
				PRODUCT_BUNDLE_IDENTIFIER = "net.horsewin.swift-simple-view";
				PRODUCT_NAME = "$(TARGET_NAME)";
				SWIFT_VERSION = 4.2;
				TARGETED_DEVICE_FAMILY = "1,2";
			};
			name = Debug;
		};
		991DE4CB226E1B33008D1D78 /* Release */ = {
			isa = XCBuildConfiguration;
			buildSettings = {
				ASSETCATALOG_COMPILER_APPICON_NAME = AppIcon;
				CODE_SIGN_STYLE = Automatic;
				DEVELOPMENT_TEAM = GSU8XDZH7G;
				INFOPLIST_FILE = "swift-simple-view/Info.plist";
				LD_RUNPATH_SEARCH_PATHS = (
					"$(inherited)",
					"@executable_path/Frameworks",
				);
				PRODUCT_BUNDLE_IDENTIFIER = "net.horsewin.swift-simple-view";
				PRODUCT_NAME = "$(TARGET_NAME)";
				SWIFT_VERSION = 4.2;
				TARGETED_DEVICE_FAMILY = "1,2";
			};
			name = Release;
		};
/* End XCBuildConfiguration section */

/* Begin XCConfigurationList section */
		991DE4B2226E1B33008D1D78 /* Build configuration list for PBXProject "swift-simple-view" */ = {
			isa = XCConfigurationList;
			buildConfigurations = (
				991DE4C7226E1B33008D1D78 /* Debug */,
				991DE4C8226E1B33008D1D78 /* Release */,
			);
			defaultConfigurationIsVisible = 0;
			defaultConfigurationName = Release;
		};
		991DE4C9226E1B33008D1D78 /* Build configuration list for PBXNativeTarget "swift-simple-view" */ = {
			isa = XCConfigurationList;
			buildConfigurations = (
				991DE4CA226E1B33008D1D78 /* Debug */,
				991DE4CB226E1B33008D1D78 /* Release */,
			);
			defaultConfigurationIsVisible = 0;
			defaultConfigurationName = Release;
		};
/* End XCConfigurationList section */
	};
	rootObject = 991DE4AF226E1B33008D1D78 /* Project object */;
}
